
Microsoft Visual Studio Solution File, Format Version 12.00
# Visual Studio Version 16
VisualStudioVersion = 16.0.30128.74
MinimumVisualStudioVersion = 10.0.40219.1
Project("{FAE04EC0-301F-11D3-BF4B-00C04F79EFBC}") = "RedisMemoryCache.Net", "RedisMemoryCache.Net\RedisMemoryCache.Net.csproj", "{41A01E57-D5AC-4193-8250-D254EA3AB300}"
EndProject
Global
	GlobalSection(SolutionConfigurationPlatforms) = preSolution
		Debug|Any CPU = Debug|Any CPU
		Release|Any CPU = Release|Any CPU
	EndGlobalSection
	GlobalSection(ProjectConfigurationPlatforms) = postSolution
		{41A01E57-D5AC-4193-8250-D254EA3AB300}.Debug|Any CPU.ActiveCfg = Debug|Any CPU
		{41A01E57-D5AC-4193-8250-D254EA3AB300}.Debug|Any CPU.Build.0 = Debug|Any CPU
		{41A01E57-D5AC-4193-8250-D254EA3AB300}.Release|Any CPU.ActiveCfg = Release|Any CPU
		{41A01E57-D5AC-4193-8250-D254EA3AB300}.Release|Any CPU.Build.0 = Release|Any CPU
	EndGlobalSection
	GlobalSection(SolutionProperties) = preSolution
		HideSolutionNode = FALSE
	EndGlobalSection
	GlobalSection(ExtensibilityGlobals) = postSolution
		SolutionGuid = {ED870C94-CB2F-4D93-89A4-F61B0CB64324}
	EndGlobalSection
EndGlobal
